
Microsoft Visual Studio Solution File, Format Version 12.00
# Visual Studio Version 17
VisualStudioVersion = 17.9.34723.18
MinimumVisualStudioVersion = 10.0.40219.1
Project("{FAE04EC0-301F-11D3-BF4B-00C04F79EFBC}") = "ChatApp", "ChatApp\ChatApp.csproj", "{332F6B85-8CB0-452B-8313-7D6B5FBBD57E}"
EndProject
Global
	GlobalSection(SolutionConfigurationPlatforms) = preSolution
		Debug|Any CPU = Debug|Any CPU
		Release|Any CPU = Release|Any CPU
	EndGlobalSection
	GlobalSection(ProjectConfigurationPlatforms) = postSolution
		{332F6B85-8CB0-452B-8313-7D6B5FBBD57E}.Debug|Any CPU.ActiveCfg = Debug|Any CPU
		{332F6B85-8CB0-452B-8313-7D6B5FBBD57E}.Debug|Any CPU.Build.0 = Debug|Any CPU
		{332F6B85-8CB0-452B-8313-7D6B5FBBD57E}.Release|Any CPU.ActiveCfg = Release|Any CPU
		{332F6B85-8CB0-452B-8313-7D6B5FBBD57E}.Release|Any CPU.Build.0 = Release|Any CPU
	EndGlobalSection
	GlobalSection(SolutionProperties) = preSolution
		HideSolutionNode = FALSE
	EndGlobalSection
	GlobalSection(ExtensibilityGlobals) = postSolution
		SolutionGuid = {EC0A551F-4C61-44DA-BFE2-D77296B31E94}
	EndGlobalSection
EndGlobal
